# THIS IS AN AUTOGENERATED FILE. DO NOT EDIT THIS FILE DIRECTLY.
# yarn lockfile v1


deepmerge@^2.0.1:
  version "2.1.0"
  resolved "https://registry.yarnpkg.com/deepmerge/-/deepmerge-2.1.0.tgz#511a54fff405fc346f0240bb270a3e9533a31102"

minimist@^1.2.0:
  version "1.2.0"
  resolved "https://registry.yarnpkg.com/minimist/-/minimist-1.2.0.tgz#a35008b20f41383eec1fb914f4cd5df79a264284"

node-eval@^2.0.0:
  version "2.0.0"
  resolved "https://registry.yarnpkg.com/node-eval/-/node-eval-2.0.0.tgz#ae1d1299deb4c0e41352f9528c1af6401661d37f"
  dependencies:
    path-is-absolute "1.0.1"

path-is-absolute@1.0.1:
  version "1.0.1"
  resolved "https://registry.yarnpkg.com/path-is-absolute/-/path-is-absolute-1.0.1.tgz#174b9268735534ffbc7ace6bf53a5a9e1b5c5f5f"

reflect-metadata@^0.1.12:
  version "0.1.12"
  resolved "https://registry.yarnpkg.com/reflect-metadata/-/reflect-metadata-0.1.12.tgz#311bf0c6b63cd782f228a81abe146a2bfa9c56f2"

strip-bom@^3.0.0:
  version "3.0.0"
  resolved "https://registry.yarnpkg.com/strip-bom/-/strip-bom-3.0.0.tgz#2334c18e9c759f7bdd56fdef7e9ae3d588e68ed3"

strip-json-comments@^2.0.1:
  version "2.0.1"
  resolved "https://registry.yarnpkg.com/strip-json-comments/-/strip-json-comments-2.0.1.tgz#3c531942e908c2697c0ec344858c286c7ca0a60a"

tsconfig-paths@^3.3.2:
  version "3.3.2"
  resolved "https://registry.yarnpkg.com/tsconfig-paths/-/tsconfig-paths-3.3.2.tgz#bb48b845e221a44387be0f9968ee6c37c2a37c4d"
  dependencies:
    deepmerge "^2.0.1"
    minimist "^1.2.0"
    strip-bom "^3.0.0"
    strip-json-comments "^2.0.1"

typescript@^2.8.3:
  version "2.8.3"
  resolved "https://registry.yarnpkg.com/typescript/-/typescript-2.8.3.tgz#5d817f9b6f31bb871835f4edf0089f21abe6c170"
